// !$*UTF8*$!
{
	archiveVersion = 1;
	classes = {
	};
	objectVersion = 55;
	objects = {

/* Begin PBXBuildFile section */
		241498E0275B9B63003CB903 /* AppDelegate.swift in Sources */ = {isa = PBXBuildFile; fileRef = 241498DF275B9B63003CB903 /* AppDelegate.swift */; };
		241498E4275B9B63003CB903 /* ViewController.swift in Sources */ = {isa = PBXBuildFile; fileRef = 241498E3275B9B63003CB903 /* ViewController.swift */; };
		241498E9275B9B64003CB903 /* Assets.xcassets in Resources */ = {isa = PBXBuildFile; fileRef = 241498E8275B9B64003CB903 /* Assets.xcassets */; };
		241498EC275B9B64003CB903 /* LaunchScreen.storyboard in Resources */ = {isa = PBXBuildFile; fileRef = 241498EA275B9B64003CB903 /* LaunchScreen.storyboard */; };
		241F7F7927627A6200E660C4 /* ProfileViewController.swift in Sources */ = {isa = PBXBuildFile; fileRef = 241F7F7827627A6200E660C4 /* ProfileViewController.swift */; };
		241F7F7D2762825100E660C4 /* PostViewController.swift in Sources */ = {isa = PBXBuildFile; fileRef = 241F7F7C2762825100E660C4 /* PostViewController.swift */; };
		241F7F7F276285C800E660C4 /* FeedViewController.swift in Sources */ = {isa = PBXBuildFile; fileRef = 241F7F7E276285C800E660C4 /* FeedViewController.swift */; };
		241F7F812762A1ED00E660C4 /* InfoViewController.swift in Sources */ = {isa = PBXBuildFile; fileRef = 241F7F802762A1ED00E660C4 /* InfoViewController.swift */; };
		242B835B2785928E00474E9E /* LogInViewController.swift in Sources */ = {isa = PBXBuildFile; fileRef = 242B835A2785928E00474E9E /* LogInViewController.swift */; };
		245BF9852786471E008939EB /* PostCellController.swift in Sources */ = {isa = PBXBuildFile; fileRef = 245BF9842786471E008939EB /* PostCellController.swift */; };
		245BF989278716A9008939EB /* PostDescription.swift in Sources */ = {isa = PBXBuildFile; fileRef = 245BF988278716A9008939EB /* PostDescription.swift */; };
		247221E9279452AF00FE8E74 /* ProfileCellXib.xib in Resources */ = {isa = PBXBuildFile; fileRef = 247221E8279452AF00FE8E74 /* ProfileCellXib.xib */; };
		249306B628034410005C95C4 /* StorageService.h in Headers */ = {isa = PBXBuildFile; fileRef = 249306B528034410005C95C4 /* StorageService.h */; settings = {ATTRIBUTES = (Public, ); }; };
		249306C42803459D005C95C4 /* Post.swift in Sources */ = {isa = PBXBuildFile; fileRef = 249306C228034591005C95C4 /* Post.swift */; };
		249306C92803470F005C95C4 /* PhotosTableViewCell.swift in Sources */ = {isa = PBXBuildFile; fileRef = 249E43CF278CAE13000F4250 /* PhotosTableViewCell.swift */; };
		249306CA2803470F005C95C4 /* PhotosCollectionViewCell.swift in Sources */ = {isa = PBXBuildFile; fileRef = 24F9281E278DA23A00C779D4 /* PhotosCollectionViewCell.swift */; };
		249306CB2803470F005C95C4 /* PhotosViewController.swift in Sources */ = {isa = PBXBuildFile; fileRef = 24F9281C278D9BDD00C779D4 /* PhotosViewController.swift */; };
		249306CC2803470F005C95C4 /* ProfileViewController.swift in Sources */ = {isa = PBXBuildFile; fileRef = 241F7F7827627A6200E660C4 /* ProfileViewController.swift */; };
		249306CD2803470F005C95C4 /* PhotosOpenViewController.swift in Sources */ = {isa = PBXBuildFile; fileRef = 24F92820278DF3B300C779D4 /* PhotosOpenViewController.swift */; };
		249306CE2803470F005C95C4 /* Constants.swift in Sources */ = {isa = PBXBuildFile; fileRef = 249E43CB278C9896000F4250 /* Constants.swift */; };
		249306CF2803470F005C95C4 /* ViewController.swift in Sources */ = {isa = PBXBuildFile; fileRef = 241498E3275B9B63003CB903 /* ViewController.swift */; };
		249306D02803470F005C95C4 /* FeedViewController.swift in Sources */ = {isa = PBXBuildFile; fileRef = 241F7F7E276285C800E660C4 /* FeedViewController.swift */; };
		249306D12803470F005C95C4 /* AppDelegate.swift in Sources */ = {isa = PBXBuildFile; fileRef = 241498DF275B9B63003CB903 /* AppDelegate.swift */; };
		249306D22803470F005C95C4 /* PostDescription.swift in Sources */ = {isa = PBXBuildFile; fileRef = 245BF988278716A9008939EB /* PostDescription.swift */; };
		249306D32803470F005C95C4 /* LogInViewController.swift in Sources */ = {isa = PBXBuildFile; fileRef = 242B835A2785928E00474E9E /* LogInViewController.swift */; };
		249306D42803470F005C95C4 /* ProfileHeaderView.swift in Sources */ = {isa = PBXBuildFile; fileRef = 24AF5F89276E321C00320B24 /* ProfileHeaderView.swift */; };
		249306D52803470F005C95C4 /* InfoViewController.swift in Sources */ = {isa = PBXBuildFile; fileRef = 241F7F802762A1ED00E660C4 /* InfoViewController.swift */; };
		249306D62803470F005C95C4 /* PostCellController.swift in Sources */ = {isa = PBXBuildFile; fileRef = 245BF9842786471E008939EB /* PostCellController.swift */; };
		249306D72803470F005C95C4 /* PostViewController.swift in Sources */ = {isa = PBXBuildFile; fileRef = 241F7F7C2762825100E660C4 /* PostViewController.swift */; };
		249306DA2803470F005C95C4 /* ProfileCellXib.xib in Resources */ = {isa = PBXBuildFile; fileRef = 247221E8279452AF00FE8E74 /* ProfileCellXib.xib */; };
		249306DB2803470F005C95C4 /* LaunchScreen.storyboard in Resources */ = {isa = PBXBuildFile; fileRef = 241498EA275B9B64003CB903 /* LaunchScreen.storyboard */; };
		249306DC2803470F005C95C4 /* Assets.xcassets in Resources */ = {isa = PBXBuildFile; fileRef = 241498E8275B9B64003CB903 /* Assets.xcassets */; };
		249E43CC278C9896000F4250 /* Constants.swift in Sources */ = {isa = PBXBuildFile; fileRef = 249E43CB278C9896000F4250 /* Constants.swift */; };
		249E43D0278CAE13000F4250 /* PhotosTableViewCell.swift in Sources */ = {isa = PBXBuildFile; fileRef = 249E43CF278CAE13000F4250 /* PhotosTableViewCell.swift */; };
		24AF5F8A276E321C00320B24 /* ProfileHeaderView.swift in Sources */ = {isa = PBXBuildFile; fileRef = 24AF5F89276E321C00320B24 /* ProfileHeaderView.swift */; };
		24F9281D278D9BDD00C779D4 /* PhotosViewController.swift in Sources */ = {isa = PBXBuildFile; fileRef = 24F9281C278D9BDD00C779D4 /* PhotosViewController.swift */; };
		24F9281F278DA23A00C779D4 /* PhotosCollectionViewCell.swift in Sources */ = {isa = PBXBuildFile; fileRef = 24F9281E278DA23A00C779D4 /* PhotosCollectionViewCell.swift */; };
		24F92821278DF3B300C779D4 /* PhotosOpenViewController.swift in Sources */ = {isa = PBXBuildFile; fileRef = 24F92820278DF3B300C779D4 /* PhotosOpenViewController.swift */; };
/* End PBXBuildFile section */

/* Begin PBXContainerItemProxy section */
		249306B728034410005C95C4 /* PBXContainerItemProxy */ = {
			isa = PBXContainerItemProxy;
			containerPortal = 241498D4275B9B63003CB903 /* Project object */;
			proxyType = 1;
			remoteGlobalIDString = 249306B228034410005C95C4;
			remoteInfo = StorageService;
		};
		249306C72803470F005C95C4 /* PBXContainerItemProxy */ = {
			isa = PBXContainerItemProxy;
			containerPortal = 241498D4275B9B63003CB903 /* Project object */;
			proxyType = 1;
			remoteGlobalIDString = 249306B228034410005C95C4;
			remoteInfo = StorageService;
		};
/* End PBXContainerItemProxy section */

/* Begin PBXCopyFilesBuildPhase section */
		249306BF28034410005C95C4 /* Embed Frameworks */ = {
			isa = PBXCopyFilesBuildPhase;
			buildActionMask = 2147483647;
			dstPath = "";
			dstSubfolderSpec = 10;
			files = (
			);
			name = "Embed Frameworks";
			runOnlyForDeploymentPostprocessing = 0;
		};
		249306DD2803470F005C95C4 /* Embed Frameworks */ = {
			isa = PBXCopyFilesBuildPhase;
			buildActionMask = 2147483647;
			dstPath = "";
			dstSubfolderSpec = 10;
			files = (
			);
			name = "Embed Frameworks";
			runOnlyForDeploymentPostprocessing = 0;
		};
/* End PBXCopyFilesBuildPhase section */

/* Begin PBXFileReference section */
		241498DF275B9B63003CB903 /* AppDelegate.swift */ = {isa = PBXFileReference; lastKnownFileType = sourcecode.swift; path = AppDelegate.swift; sourceTree = "<group>"; };
		241498E3275B9B63003CB903 /* ViewController.swift */ = {isa = PBXFileReference; lastKnownFileType = sourcecode.swift; path = ViewController.swift; sourceTree = "<group>"; };
		241498E8275B9B64003CB903 /* Assets.xcassets */ = {isa = PBXFileReference; lastKnownFileType = folder.assetcatalog; path = Assets.xcassets; sourceTree = "<group>"; };
		241498EB275B9B64003CB903 /* Base */ = {isa = PBXFileReference; lastKnownFileType = file.storyboard; name = Base; path = Base.lproj/LaunchScreen.storyboard; sourceTree = "<group>"; };
		241498ED275B9B64003CB903 /* Info.plist */ = {isa = PBXFileReference; lastKnownFileType = text.plist.xml; path = Info.plist; sourceTree = "<group>"; };
		241F7F7827627A6200E660C4 /* ProfileViewController.swift */ = {isa = PBXFileReference; lastKnownFileType = sourcecode.swift; path = ProfileViewController.swift; sourceTree = "<group>"; };
		241F7F7C2762825100E660C4 /* PostViewController.swift */ = {isa = PBXFileReference; lastKnownFileType = sourcecode.swift; path = PostViewController.swift; sourceTree = "<group>"; };
		241F7F7E276285C800E660C4 /* FeedViewController.swift */ = {isa = PBXFileReference; lastKnownFileType = sourcecode.swift; path = FeedViewController.swift; sourceTree = "<group>"; };
		241F7F802762A1ED00E660C4 /* InfoViewController.swift */ = {isa = PBXFileReference; lastKnownFileType = sourcecode.swift; path = InfoViewController.swift; sourceTree = "<group>"; };
		242B835A2785928E00474E9E /* LogInViewController.swift */ = {isa = PBXFileReference; lastKnownFileType = sourcecode.swift; path = LogInViewController.swift; sourceTree = "<group>"; };
		245BF9842786471E008939EB /* PostCellController.swift */ = {isa = PBXFileReference; lastKnownFileType = sourcecode.swift; path = PostCellController.swift; sourceTree = "<group>"; };
		245BF988278716A9008939EB /* PostDescription.swift */ = {isa = PBXFileReference; lastKnownFileType = sourcecode.swift; path = PostDescription.swift; sourceTree = "<group>"; };
		247221E8279452AF00FE8E74 /* ProfileCellXib.xib */ = {isa = PBXFileReference; lastKnownFileType = file.xib; path = ProfileCellXib.xib; sourceTree = "<group>"; };
		249306B328034410005C95C4 /* StorageService.framework */ = {isa = PBXFileReference; explicitFileType = wrapper.framework; includeInIndex = 0; name = StorageService.framework; path = "/Users/mak/Desktop/всё/dz/NavigationOnDz/Navigation/build/Debug-iphoneos/StorageService.framework"; sourceTree = "<absolute>"; };
		249306B528034410005C95C4 /* StorageService.h */ = {isa = PBXFileReference; lastKnownFileType = sourcecode.c.h; path = StorageService.h; sourceTree = "<group>"; };
		249306BB28034410005C95C4 /* Navigation.app */ = {isa = PBXFileReference; explicitFileType = wrapper.application; includeInIndex = 0; path = Navigation.app; sourceTree = BUILT_PRODUCTS_DIR; };
		249306C128034445005C95C4 /* StorageService.framework */ = {isa = PBXFileReference; lastKnownFileType = wrapper.framework; name = StorageService.framework; path = "../../../../../../Library/Developer/Xcode/DerivedData/Navigation-cfpzuaxmzneiqyhiaakmewpwybvx/Build/Products/Debug-iphoneos/StorageService.framework"; sourceTree = "<group>"; };
		249306C228034591005C95C4 /* Post.swift */ = {isa = PBXFileReference; lastKnownFileType = sourcecode.swift; path = Post.swift; sourceTree = "<group>"; };
		249306E12803470F005C95C4 /* Navigation copy.app */ = {isa = PBXFileReference; explicitFileType = wrapper.application; includeInIndex = 0; path = "Navigation copy.app"; sourceTree = BUILT_PRODUCTS_DIR; };
		249306E228034710005C95C4 /* Navigation copy-Info.plist */ = {isa = PBXFileReference; lastKnownFileType = text.plist.xml; name = "Navigation copy-Info.plist"; path = "/Users/mak/Desktop/всё/dz/NavigationOnDz/Navigation/Navigation copy-Info.plist"; sourceTree = "<absolute>"; };
		249E43CB278C9896000F4250 /* Constants.swift */ = {isa = PBXFileReference; lastKnownFileType = sourcecode.swift; name = Constants.swift; path = Navigation/Constants.swift; sourceTree = SOURCE_ROOT; };
		249E43CF278CAE13000F4250 /* PhotosTableViewCell.swift */ = {isa = PBXFileReference; lastKnownFileType = sourcecode.swift; path = PhotosTableViewCell.swift; sourceTree = "<group>"; };
		24AF5F89276E321C00320B24 /* ProfileHeaderView.swift */ = {isa = PBXFileReference; lastKnownFileType = sourcecode.swift; path = ProfileHeaderView.swift; sourceTree = "<group>"; };
		24F9281C278D9BDD00C779D4 /* PhotosViewController.swift */ = {isa = PBXFileReference; lastKnownFileType = sourcecode.swift; path = PhotosViewController.swift; sourceTree = "<group>"; };
		24F9281E278DA23A00C779D4 /* PhotosCollectionViewCell.swift */ = {isa = PBXFileReference; lastKnownFileType = sourcecode.swift; path = PhotosCollectionViewCell.swift; sourceTree = "<group>"; };
		24F92820278DF3B300C779D4 /* PhotosOpenViewController.swift */ = {isa = PBXFileReference; lastKnownFileType = sourcecode.swift; path = PhotosOpenViewController.swift; sourceTree = "<group>"; };
/* End PBXFileReference section */

/* Begin PBXFrameworksBuildPhase section */
		241498D9275B9B63003CB903 /* Frameworks */ = {
			isa = PBXFrameworksBuildPhase;
			buildActionMask = 2147483647;
			files = (
			);
			runOnlyForDeploymentPostprocessing = 0;
		};
		249306B028034410005C95C4 /* Frameworks */ = {
			isa = PBXFrameworksBuildPhase;
			buildActionMask = 2147483647;
			files = (
			);
			runOnlyForDeploymentPostprocessing = 0;
		};
		249306D82803470F005C95C4 /* Frameworks */ = {
			isa = PBXFrameworksBuildPhase;
			buildActionMask = 2147483647;
			files = (
			);
			runOnlyForDeploymentPostprocessing = 0;
		};
/* End PBXFrameworksBuildPhase section */

/* Begin PBXGroup section */
		241498D3275B9B63003CB903 = {
			isa = PBXGroup;
			children = (
				24F9281B278D9BBC00C779D4 /* CollectionView */,
				24AF5F88276E31CD00320B24 /* Profile */,
				241498DE275B9B63003CB903 /* Navigation */,
				249306BB28034410005C95C4 /* Navigation.app */,
				249306B428034410005C95C4 /* StorageService */,
				249306E12803470F005C95C4 /* Navigation copy.app */,
				249306E228034710005C95C4 /* Navigation copy-Info.plist */,
			);
			sourceTree = "<group>";
		};
		241498DE275B9B63003CB903 /* Navigation */ = {
			isa = PBXGroup;
			children = (
				241498DF275B9B63003CB903 /* AppDelegate.swift */,
				241498E3275B9B63003CB903 /* ViewController.swift */,
				241498E8275B9B64003CB903 /* Assets.xcassets */,
				241498EA275B9B64003CB903 /* LaunchScreen.storyboard */,
				241498ED275B9B64003CB903 /* Info.plist */,
				241F7F7C2762825100E660C4 /* PostViewController.swift */,
				241F7F7E276285C800E660C4 /* FeedViewController.swift */,
				241F7F802762A1ED00E660C4 /* InfoViewController.swift */,
			);
			path = Navigation;
			sourceTree = "<group>";
		};
		249306B428034410005C95C4 /* StorageService */ = {
			isa = PBXGroup;
			children = (
				249306C228034591005C95C4 /* Post.swift */,
				249306B528034410005C95C4 /* StorageService.h */,
				249306C128034445005C95C4 /* StorageService.framework */,
			);
			path = StorageService;
			sourceTree = "<group>";
		};
		24AF5F88276E31CD00320B24 /* Profile */ = {
			isa = PBXGroup;
			children = (
				241F7F7827627A6200E660C4 /* ProfileViewController.swift */,
				24AF5F89276E321C00320B24 /* ProfileHeaderView.swift */,
				242B835A2785928E00474E9E /* LogInViewController.swift */,
				245BF9842786471E008939EB /* PostCellController.swift */,
				245BF988278716A9008939EB /* PostDescription.swift */,
				249E43CB278C9896000F4250 /* Constants.swift */,
				249E43CF278CAE13000F4250 /* PhotosTableViewCell.swift */,
			);
			path = Profile;
			sourceTree = "<group>";
		};
		24F9281B278D9BBC00C779D4 /* CollectionView */ = {
			isa = PBXGroup;
			children = (
				24F9281C278D9BDD00C779D4 /* PhotosViewController.swift */,
				24F9281E278DA23A00C779D4 /* PhotosCollectionViewCell.swift */,
				24F92820278DF3B300C779D4 /* PhotosOpenViewController.swift */,
				247221E8279452AF00FE8E74 /* ProfileCellXib.xib */,
			);
			path = CollectionView;
			sourceTree = "<group>";
		};
/* End PBXGroup section */

/* Begin PBXHeadersBuildPhase section */
		249306AE28034410005C95C4 /* Headers */ = {
			isa = PBXHeadersBuildPhase;
			buildActionMask = 2147483647;
			files = (
				249306B628034410005C95C4 /* StorageService.h in Headers */,
			);
			runOnlyForDeploymentPostprocessing = 0;
		};
/* End PBXHeadersBuildPhase section */

/* Begin PBXNativeTarget section */
		241498DB275B9B63003CB903 /* Navigation */ = {
			isa = PBXNativeTarget;
			buildConfigurationList = 241498F0275B9B64003CB903 /* Build configuration list for PBXNativeTarget "Navigation" */;
			buildPhases = (
				241498D8275B9B63003CB903 /* Sources */,
				241498D9275B9B63003CB903 /* Frameworks */,
				241498DA275B9B63003CB903 /* Resources */,
				249306BF28034410005C95C4 /* Embed Frameworks */,
			);
			buildRules = (
			);
			dependencies = (
				249306B828034410005C95C4 /* PBXTargetDependency */,
			);
			name = Navigation;
			productName = Navigation;
			productReference = 249306BB28034410005C95C4 /* Navigation.app */;
			productType = "com.apple.product-type.application";
		};
		249306B228034410005C95C4 /* StorageService */ = {
			isa = PBXNativeTarget;
			buildConfigurationList = 249306BC28034410005C95C4 /* Build configuration list for PBXNativeTarget "StorageService" */;
			buildPhases = (
				249306AE28034410005C95C4 /* Headers */,
				249306AF28034410005C95C4 /* Sources */,
				249306B028034410005C95C4 /* Frameworks */,
				249306B128034410005C95C4 /* Resources */,
			);
			buildRules = (
			);
			dependencies = (
			);
			name = StorageService;
			productName = StorageService;
			productReference = 249306B328034410005C95C4 /* StorageService.framework */;
			productType = "com.apple.product-type.framework";
		};
		249306C52803470F005C95C4 /* Navigation copy */ = {
			isa = PBXNativeTarget;
			buildConfigurationList = 249306DE2803470F005C95C4 /* Build configuration list for PBXNativeTarget "Navigation copy" */;
			buildPhases = (
				249306C82803470F005C95C4 /* Sources */,
				249306D82803470F005C95C4 /* Frameworks */,
				249306D92803470F005C95C4 /* Resources */,
				249306DD2803470F005C95C4 /* Embed Frameworks */,
			);
			buildRules = (
			);
			dependencies = (
				249306C62803470F005C95C4 /* PBXTargetDependency */,
			);
			name = "Navigation copy";
			productName = Navigation;
			productReference = 249306E12803470F005C95C4 /* Navigation copy.app */;
			productType = "com.apple.product-type.application";
		};
/* End PBXNativeTarget section */

/* Begin PBXProject section */
		241498D4275B9B63003CB903 /* Project object */ = {
			isa = PBXProject;
			attributes = {
				BuildIndependentTargetsInParallel = 1;
				LastSwiftUpdateCheck = 1310;
				LastUpgradeCheck = 1310;
				TargetAttributes = {
					241498DB275B9B63003CB903 = {
						CreatedOnToolsVersion = 13.1;
					};
					249306B228034410005C95C4 = {
						CreatedOnToolsVersion = 13.1;
					};
				};
			};
			buildConfigurationList = 241498D7275B9B63003CB903 /* Build configuration list for PBXProject "Navigation" */;
			compatibilityVersion = "Xcode 13.0";
			developmentRegion = en;
			hasScannedForEncodings = 0;
			knownRegions = (
				en,
				Base,
			);
			mainGroup = 241498D3275B9B63003CB903;
			productRefGroup = 241498D3275B9B63003CB903;
			projectDirPath = "";
			projectRoot = "";
			targets = (
				241498DB275B9B63003CB903 /* Navigation */,
				249306B228034410005C95C4 /* StorageService */,
				249306C52803470F005C95C4 /* Navigation copy */,
			);
		};
/* End PBXProject section */

/* Begin PBXResourcesBuildPhase section */
		241498DA275B9B63003CB903 /* Resources */ = {
			isa = PBXResourcesBuildPhase;
			buildActionMask = 2147483647;
			files = (
				247221E9279452AF00FE8E74 /* ProfileCellXib.xib in Resources */,
				241498EC275B9B64003CB903 /* LaunchScreen.storyboard in Resources */,
				241498E9275B9B64003CB903 /* Assets.xcassets in Resources */,
			);
			runOnlyForDeploymentPostprocessing = 0;
		};
		249306B128034410005C95C4 /* Resources */ = {
			isa = PBXResourcesBuildPhase;
			buildActionMask = 2147483647;
			files = (
			);
			runOnlyForDeploymentPostprocessing = 0;
		};
		249306D92803470F005C95C4 /* Resources */ = {
			isa = PBXResourcesBuildPhase;
			buildActionMask = 2147483647;
			files = (
				249306DA2803470F005C95C4 /* ProfileCellXib.xib in Resources */,
				249306DB2803470F005C95C4 /* LaunchScreen.storyboard in Resources */,
				249306DC2803470F005C95C4 /* Assets.xcassets in Resources */,
			);
			runOnlyForDeploymentPostprocessing = 0;
		};
/* End PBXResourcesBuildPhase section */

/* Begin PBXSourcesBuildPhase section */
		241498D8275B9B63003CB903 /* Sources */ = {
			isa = PBXSourcesBuildPhase;
			buildActionMask = 2147483647;
			files = (
				249E43D0278CAE13000F4250 /* PhotosTableViewCell.swift in Sources */,
				24F9281F278DA23A00C779D4 /* PhotosCollectionViewCell.swift in Sources */,
				24F9281D278D9BDD00C779D4 /* PhotosViewController.swift in Sources */,
				241F7F7927627A6200E660C4 /* ProfileViewController.swift in Sources */,
				24F92821278DF3B300C779D4 /* PhotosOpenViewController.swift in Sources */,
				249E43CC278C9896000F4250 /* Constants.swift in Sources */,
				241498E4275B9B63003CB903 /* ViewController.swift in Sources */,
				241F7F7F276285C800E660C4 /* FeedViewController.swift in Sources */,
				241498E0275B9B63003CB903 /* AppDelegate.swift in Sources */,
				245BF989278716A9008939EB /* PostDescription.swift in Sources */,
				242B835B2785928E00474E9E /* LogInViewController.swift in Sources */,
				24AF5F8A276E321C00320B24 /* ProfileHeaderView.swift in Sources */,
				241F7F812762A1ED00E660C4 /* InfoViewController.swift in Sources */,
				245BF9852786471E008939EB /* PostCellController.swift in Sources */,
				241F7F7D2762825100E660C4 /* PostViewController.swift in Sources */,
			);
			runOnlyForDeploymentPostprocessing = 0;
		};
		249306AF28034410005C95C4 /* Sources */ = {
			isa = PBXSourcesBuildPhase;
			buildActionMask = 2147483647;
			files = (
				249306C42803459D005C95C4 /* Post.swift in Sources */,
			);
			runOnlyForDeploymentPostprocessing = 0;
		};
		249306C82803470F005C95C4 /* Sources */ = {
			isa = PBXSourcesBuildPhase;
			buildActionMask = 2147483647;
			files = (
				249306C92803470F005C95C4 /* PhotosTableViewCell.swift in Sources */,
				249306CA2803470F005C95C4 /* PhotosCollectionViewCell.swift in Sources */,
				249306CB2803470F005C95C4 /* PhotosViewController.swift in Sources */,
				249306CC2803470F005C95C4 /* ProfileViewController.swift in Sources */,
				249306CD2803470F005C95C4 /* PhotosOpenViewController.swift in Sources */,
				249306CE2803470F005C95C4 /* Constants.swift in Sources */,
				249306CF2803470F005C95C4 /* ViewController.swift in Sources */,
				249306D02803470F005C95C4 /* FeedViewController.swift in Sources */,
				249306D12803470F005C95C4 /* AppDelegate.swift in Sources */,
				249306D22803470F005C95C4 /* PostDescription.swift in Sources */,
				249306D32803470F005C95C4 /* LogInViewController.swift in Sources */,
				249306D42803470F005C95C4 /* ProfileHeaderView.swift in Sources */,
				249306D52803470F005C95C4 /* InfoViewController.swift in Sources */,
				249306D62803470F005C95C4 /* PostCellController.swift in Sources */,
				249306D72803470F005C95C4 /* PostViewController.swift in Sources */,
			);
			runOnlyForDeploymentPostprocessing = 0;
		};
/* End PBXSourcesBuildPhase section */

/* Begin PBXTargetDependency section */
		249306B828034410005C95C4 /* PBXTargetDependency */ = {
			isa = PBXTargetDependency;
			target = 249306B228034410005C95C4 /* StorageService */;
			targetProxy = 249306B728034410005C95C4 /* PBXContainerItemProxy */;
		};
		249306C62803470F005C95C4 /* PBXTargetDependency */ = {
			isa = PBXTargetDependency;
			target = 249306B228034410005C95C4 /* StorageService */;
			targetProxy = 249306C72803470F005C95C4 /* PBXContainerItemProxy */;
		};
/* End PBXTargetDependency section */

/* Begin PBXVariantGroup section */
		241498EA275B9B64003CB903 /* LaunchScreen.storyboard */ = {
			isa = PBXVariantGroup;
			children = (
				241498EB275B9B64003CB903 /* Base */,
			);
			name = LaunchScreen.storyboard;
			sourceTree = "<group>";
		};
/* End PBXVariantGroup section */

/* Begin XCBuildConfiguration section */
		241498EE275B9B64003CB903 /* Debug */ = {
			isa = XCBuildConfiguration;
			buildSettings = {
				ALWAYS_SEARCH_USER_PATHS = NO;
				CLANG_ANALYZER_NONNULL = YES;
				CLANG_ANALYZER_NUMBER_OBJECT_CONVERSION = YES_AGGRESSIVE;
				CLANG_CXX_LANGUAGE_STANDARD = "gnu++17";
				CLANG_CXX_LIBRARY = "libc++";
				CLANG_ENABLE_MODULES = YES;
				CLANG_ENABLE_OBJC_ARC = YES;
				CLANG_ENABLE_OBJC_WEAK = YES;
				CLANG_WARN_BLOCK_CAPTURE_AUTORELEASING = YES;
				CLANG_WARN_BOOL_CONVERSION = YES;
				CLANG_WARN_COMMA = YES;
				CLANG_WARN_CONSTANT_CONVERSION = YES;
				CLANG_WARN_DEPRECATED_OBJC_IMPLEMENTATIONS = YES;
				CLANG_WARN_DIRECT_OBJC_ISA_USAGE = YES_ERROR;
				CLANG_WARN_DOCUMENTATION_COMMENTS = YES;
				CLANG_WARN_EMPTY_BODY = YES;
				CLANG_WARN_ENUM_CONVERSION = YES;
				CLANG_WARN_INFINITE_RECURSION = YES;
				CLANG_WARN_INT_CONVERSION = YES;
				CLANG_WARN_NON_LITERAL_NULL_CONVERSION = YES;
				CLANG_WARN_OBJC_IMPLICIT_RETAIN_SELF = YES;
				CLANG_WARN_OBJC_LITERAL_CONVERSION = YES;
				CLANG_WARN_OBJC_ROOT_CLASS = YES_ERROR;
				CLANG_WARN_QUOTED_INCLUDE_IN_FRAMEWORK_HEADER = YES;
				CLANG_WARN_RANGE_LOOP_ANALYSIS = YES;
				CLANG_WARN_STRICT_PROTOTYPES = YES;
				CLANG_WARN_SUSPICIOUS_MOVE = YES;
				CLANG_WARN_UNGUARDED_AVAILABILITY = YES_AGGRESSIVE;
				CLANG_WARN_UNREACHABLE_CODE = YES;
				CLANG_WARN__DUPLICATE_METHOD_MATCH = YES;
				COPY_PHASE_STRIP = NO;
				DEBUG_INFORMATION_FORMAT = dwarf;
				ENABLE_STRICT_OBJC_MSGSEND = YES;
				ENABLE_TESTABILITY = YES;
				GCC_C_LANGUAGE_STANDARD = gnu11;
				GCC_DYNAMIC_NO_PIC = NO;
				GCC_NO_COMMON_BLOCKS = YES;
				GCC_OPTIMIZATION_LEVEL = 0;
				GCC_PREPROCESSOR_DEFINITIONS = (
					"DEBUG=1",
					"$(inherited)",
				);
				GCC_WARN_64_TO_32_BIT_CONVERSION = YES;
				GCC_WARN_ABOUT_RETURN_TYPE = YES_ERROR;
				GCC_WARN_UNDECLARED_SELECTOR = YES;
				GCC_WARN_UNINITIALIZED_AUTOS = YES_AGGRESSIVE;
				GCC_WARN_UNUSED_FUNCTION = YES;
				GCC_WARN_UNUSED_VARIABLE = YES;
				IPHONEOS_DEPLOYMENT_TARGET = 13.0;
				MTL_ENABLE_DEBUG_INFO = INCLUDE_SOURCE;
				MTL_FAST_MATH = YES;
				ONLY_ACTIVE_ARCH = YES;
				SDKROOT = iphoneos;
				SWIFT_ACTIVE_COMPILATION_CONDITIONS = DEBUG;
				SWIFT_OPTIMIZATION_LEVEL = "-Onone";
			};
			name = Debug;
		};
		241498EF275B9B64003CB903 /* Release */ = {
			isa = XCBuildConfiguration;
			buildSettings = {
				ALWAYS_SEARCH_USER_PATHS = NO;
				CLANG_ANALYZER_NONNULL = YES;
				CLANG_ANALYZER_NUMBER_OBJECT_CONVERSION = YES_AGGRESSIVE;
				CLANG_CXX_LANGUAGE_STANDARD = "gnu++17";
				CLANG_CXX_LIBRARY = "libc++";
				CLANG_ENABLE_MODULES = YES;
				CLANG_ENABLE_OBJC_ARC = YES;
				CLANG_ENABLE_OBJC_WEAK = YES;
				CLANG_WARN_BLOCK_CAPTURE_AUTORELEASING = YES;
				CLANG_WARN_BOOL_CONVERSION = YES;
				CLANG_WARN_COMMA = YES;
				CLANG_WARN_CONSTANT_CONVERSION = YES;
				CLANG_WARN_DEPRECATED_OBJC_IMPLEMENTATIONS = YES;
				CLANG_WARN_DIRECT_OBJC_ISA_USAGE = YES_ERROR;
				CLANG_WARN_DOCUMENTATION_COMMENTS = YES;
				CLANG_WARN_EMPTY_BODY = YES;
				CLANG_WARN_ENUM_CONVERSION = YES;
				CLANG_WARN_INFINITE_RECURSION = YES;
				CLANG_WARN_INT_CONVERSION = YES;
				CLANG_WARN_NON_LITERAL_NULL_CONVERSION = YES;
				CLANG_WARN_OBJC_IMPLICIT_RETAIN_SELF = YES;
				CLANG_WARN_OBJC_LITERAL_CONVERSION = YES;
				CLANG_WARN_OBJC_ROOT_CLASS = YES_ERROR;
				CLANG_WARN_QUOTED_INCLUDE_IN_FRAMEWORK_HEADER = YES;
				CLANG_WARN_RANGE_LOOP_ANALYSIS = YES;
				CLANG_WARN_STRICT_PROTOTYPES = YES;
				CLANG_WARN_SUSPICIOUS_MOVE = YES;
				CLANG_WARN_UNGUARDED_AVAILABILITY = YES_AGGRESSIVE;
				CLANG_WARN_UNREACHABLE_CODE = YES;
				CLANG_WARN__DUPLICATE_METHOD_MATCH = YES;
				COPY_PHASE_STRIP = NO;
				DEBUG_INFORMATION_FORMAT = "dwarf-with-dsym";
				ENABLE_NS_ASSERTIONS = NO;
				ENABLE_STRICT_OBJC_MSGSEND = YES;
				GCC_C_LANGUAGE_STANDARD = gnu11;
				GCC_NO_COMMON_BLOCKS = YES;
				GCC_WARN_64_TO_32_BIT_CONVERSION = YES;
				GCC_WARN_ABOUT_RETURN_TYPE = YES_ERROR;
				GCC_WARN_UNDECLARED_SELECTOR = YES;
				GCC_WARN_UNINITIALIZED_AUTOS = YES_AGGRESSIVE;
				GCC_WARN_UNUSED_FUNCTION = YES;
				GCC_WARN_UNUSED_VARIABLE = YES;
				IPHONEOS_DEPLOYMENT_TARGET = 13.0;
				MTL_ENABLE_DEBUG_INFO = NO;
				MTL_FAST_MATH = YES;
				SDKROOT = iphoneos;
				SWIFT_COMPILATION_MODE = wholemodule;
				SWIFT_OPTIMIZATION_LEVEL = "-O";
				VALIDATE_PRODUCT = YES;
			};
			name = Release;
		};
		241498F1275B9B64003CB903 /* Debug */ = {
			isa = XCBuildConfiguration;
			buildSettings = {
				ASSETCATALOG_COMPILER_APPICON_NAME = AppIcon;
				ASSETCATALOG_COMPILER_GLOBAL_ACCENT_COLOR_NAME = AccentColor;
				CODE_SIGN_STYLE = Automatic;
				CURRENT_PROJECT_VERSION = 1;
				DEVELOPMENT_TEAM = 438U5Y8KH6;
				GENERATE_INFOPLIST_FILE = YES;
				INFOPLIST_FILE = Navigation/Info.plist;
				INFOPLIST_KEY_UIApplicationSupportsIndirectInputEvents = YES;
				INFOPLIST_KEY_UILaunchStoryboardName = LaunchScreen;
				INFOPLIST_KEY_UISupportedInterfaceOrientations_iPad = "UIInterfaceOrientationPortrait UIInterfaceOrientationPortraitUpsideDown UIInterfaceOrientationLandscapeLeft UIInterfaceOrientationLandscapeRight";
				INFOPLIST_KEY_UISupportedInterfaceOrientations_iPhone = "UIInterfaceOrientationPortrait UIInterfaceOrientationLandscapeLeft UIInterfaceOrientationLandscapeRight";
				IPHONEOS_DEPLOYMENT_TARGET = 15.0;
				LD_RUNPATH_SEARCH_PATHS = (
					"$(inherited)",
					"@executable_path/Frameworks",
				);
				MARKETING_VERSION = 1.0;
				PRODUCT_BUNDLE_IDENTIFIER = "maxim.bezverkhniy-gmail.com.Navigation";
				PRODUCT_NAME = "$(TARGET_NAME)";
				SWIFT_EMIT_LOC_STRINGS = YES;
				SWIFT_VERSION = 5.0;
				TARGETED_DEVICE_FAMILY = 1;
			};
			name = Debug;
		};
		241498F2275B9B64003CB903 /* Release */ = {
			isa = XCBuildConfiguration;
			buildSettings = {
				ASSETCATALOG_COMPILER_APPICON_NAME = AppIcon;
				ASSETCATALOG_COMPILER_GLOBAL_ACCENT_COLOR_NAME = AccentColor;
				CODE_SIGN_STYLE = Automatic;
				CURRENT_PROJECT_VERSION = 1;
				DEVELOPMENT_TEAM = 438U5Y8KH6;
				GENERATE_INFOPLIST_FILE = YES;
				INFOPLIST_FILE = Navigation/Info.plist;
				INFOPLIST_KEY_UIApplicationSupportsIndirectInputEvents = YES;
				INFOPLIST_KEY_UILaunchStoryboardName = LaunchScreen;
				INFOPLIST_KEY_UISupportedInterfaceOrientations_iPad = "UIInterfaceOrientationPortrait UIInterfaceOrientationPortraitUpsideDown UIInterfaceOrientationLandscapeLeft UIInterfaceOrientationLandscapeRight";
				INFOPLIST_KEY_UISupportedInterfaceOrientations_iPhone = "UIInterfaceOrientationPortrait UIInterfaceOrientationLandscapeLeft UIInterfaceOrientationLandscapeRight";
				IPHONEOS_DEPLOYMENT_TARGET = 15.0;
				LD_RUNPATH_SEARCH_PATHS = (
					"$(inherited)",
					"@executable_path/Frameworks",
				);
				MARKETING_VERSION = 1.0;
				PRODUCT_BUNDLE_IDENTIFIER = "maxim.bezverkhniy-gmail.com.Navigation";
				PRODUCT_NAME = "$(TARGET_NAME)";
				SWIFT_EMIT_LOC_STRINGS = YES;
				SWIFT_VERSION = 5.0;
				TARGETED_DEVICE_FAMILY = 1;
			};
			name = Release;
		};
		249306BD28034410005C95C4 /* Debug */ = {
			isa = XCBuildConfiguration;
			buildSettings = {
				CODE_SIGN_STYLE = Automatic;
				CURRENT_PROJECT_VERSION = 1;
				DEFINES_MODULE = YES;
				DEVELOPMENT_TEAM = 438U5Y8KH6;
				DYLIB_COMPATIBILITY_VERSION = 1;
				DYLIB_CURRENT_VERSION = 1;
				DYLIB_INSTALL_NAME_BASE = "@rpath";
				GENERATE_INFOPLIST_FILE = YES;
				INFOPLIST_KEY_NSHumanReadableCopyright = "";
				INSTALL_PATH = "$(LOCAL_LIBRARY_DIR)/Frameworks";
				IPHONEOS_DEPLOYMENT_TARGET = 15.0;
				LD_RUNPATH_SEARCH_PATHS = (
					"$(inherited)",
					"@executable_path/Frameworks",
					"@loader_path/Frameworks",
				);
				MARKETING_VERSION = 1.0;
				PRODUCT_BUNDLE_IDENTIFIER = "maxim.bezverkhniy-gmail.com.StorageService";
				PRODUCT_NAME = "$(TARGET_NAME:c99extidentifier)";
				SKIP_INSTALL = YES;
				SWIFT_EMIT_LOC_STRINGS = YES;
				SWIFT_VERSION = 5.0;
				TARGETED_DEVICE_FAMILY = "1,2";
				VERSIONING_SYSTEM = "apple-generic";
				VERSION_INFO_PREFIX = "";
			};
			name = Debug;
		};
		249306BE28034410005C95C4 /* Release */ = {
			isa = XCBuildConfiguration;
			buildSettings = {
				CODE_SIGN_STYLE = Automatic;
				CURRENT_PROJECT_VERSION = 1;
				DEFINES_MODULE = YES;
				DEVELOPMENT_TEAM = 438U5Y8KH6;
				DYLIB_COMPATIBILITY_VERSION = 1;
				DYLIB_CURRENT_VERSION = 1;
				DYLIB_INSTALL_NAME_BASE = "@rpath";
				GENERATE_INFOPLIST_FILE = YES;
				INFOPLIST_KEY_NSHumanReadableCopyright = "";
				INSTALL_PATH = "$(LOCAL_LIBRARY_DIR)/Frameworks";
				IPHONEOS_DEPLOYMENT_TARGET = 15.0;
				LD_RUNPATH_SEARCH_PATHS = (
					"$(inherited)",
					"@executable_path/Frameworks",
					"@loader_path/Frameworks",
				);
				MARKETING_VERSION = 1.0;
				PRODUCT_BUNDLE_IDENTIFIER = "maxim.bezverkhniy-gmail.com.StorageService";
				PRODUCT_NAME = "$(TARGET_NAME:c99extidentifier)";
				SKIP_INSTALL = YES;
				SWIFT_EMIT_LOC_STRINGS = YES;
				SWIFT_VERSION = 5.0;
				TARGETED_DEVICE_FAMILY = "1,2";
				VERSIONING_SYSTEM = "apple-generic";
				VERSION_INFO_PREFIX = "";
			};
			name = Release;
		};
		249306DF2803470F005C95C4 /* Debug */ = {
			isa = XCBuildConfiguration;
			buildSettings = {
				ASSETCATALOG_COMPILER_APPICON_NAME = AppIcon;
				ASSETCATALOG_COMPILER_GLOBAL_ACCENT_COLOR_NAME = AccentColor;
				CODE_SIGN_STYLE = Automatic;
				CURRENT_PROJECT_VERSION = 1;
				DEVELOPMENT_TEAM = 438U5Y8KH6;
				GENERATE_INFOPLIST_FILE = YES;
				INFOPLIST_FILE = "Navigation copy-Info.plist";
				INFOPLIST_KEY_UIApplicationSupportsIndirectInputEvents = YES;
				INFOPLIST_KEY_UILaunchStoryboardName = LaunchScreen;
				INFOPLIST_KEY_UISupportedInterfaceOrientations_iPad = "UIInterfaceOrientationPortrait UIInterfaceOrientationPortraitUpsideDown UIInterfaceOrientationLandscapeLeft UIInterfaceOrientationLandscapeRight";
				INFOPLIST_KEY_UISupportedInterfaceOrientations_iPhone = "UIInterfaceOrientationPortrait UIInterfaceOrientationLandscapeLeft UIInterfaceOrientationLandscapeRight";
				IPHONEOS_DEPLOYMENT_TARGET = 15.0;
				LD_RUNPATH_SEARCH_PATHS = (
					"$(inherited)",
					"@executable_path/Frameworks",
				);
				MARKETING_VERSION = 1.0;
				PRODUCT_BUNDLE_IDENTIFIER = "maxim.bezverkhniy-gmail.com.Navigation";
				PRODUCT_NAME = "$(TARGET_NAME)";
				SWIFT_EMIT_LOC_STRINGS = YES;
				SWIFT_VERSION = 5.0;
				TARGETED_DEVICE_FAMILY = 1;
			};
			name = Debug;
		};
		249306E02803470F005C95C4 /* Release */ = {
			isa = XCBuildConfiguration;
			buildSettings = {
				ASSETCATALOG_COMPILER_APPICON_NAME = AppIcon;
				ASSETCATALOG_COMPILER_GLOBAL_ACCENT_COLOR_NAME = AccentColor;
				CODE_SIGN_STYLE = Automatic;
				CURRENT_PROJECT_VERSION = 1;
				DEVELOPMENT_TEAM = 438U5Y8KH6;
				GENERATE_INFOPLIST_FILE = YES;
				INFOPLIST_FILE = "Navigation copy-Info.plist";
				INFOPLIST_KEY_UIApplicationSupportsIndirectInputEvents = YES;
				INFOPLIST_KEY_UILaunchStoryboardName = LaunchScreen;
				INFOPLIST_KEY_UISupportedInterfaceOrientations_iPad = "UIInterfaceOrientationPortrait UIInterfaceOrientationPortraitUpsideDown UIInterfaceOrientationLandscapeLeft UIInterfaceOrientationLandscapeRight";
				INFOPLIST_KEY_UISupportedInterfaceOrientations_iPhone = "UIInterfaceOrientationPortrait UIInterfaceOrientationLandscapeLeft UIInterfaceOrientationLandscapeRight";
				IPHONEOS_DEPLOYMENT_TARGET = 15.0;
				LD_RUNPATH_SEARCH_PATHS = (
					"$(inherited)",
					"@executable_path/Frameworks",
				);
				MARKETING_VERSION = 1.0;
				PRODUCT_BUNDLE_IDENTIFIER = "maxim.bezverkhniy-gmail.com.Navigation";
				PRODUCT_NAME = "$(TARGET_NAME)";
				SWIFT_EMIT_LOC_STRINGS = YES;
				SWIFT_VERSION = 5.0;
				TARGETED_DEVICE_FAMILY = 1;
			};
			name = Release;
		};
/* End XCBuildConfiguration section */

/* Begin XCConfigurationList section */
		241498D7275B9B63003CB903 /* Build configuration list for PBXProject "Navigation" */ = {
			isa = XCConfigurationList;
			buildConfigurations = (
				241498EE275B9B64003CB903 /* Debug */,
				241498EF275B9B64003CB903 /* Release */,
			);
			defaultConfigurationIsVisible = 0;
			defaultConfigurationName = Release;
		};
		241498F0275B9B64003CB903 /* Build configuration list for PBXNativeTarget "Navigation" */ = {
			isa = XCConfigurationList;
			buildConfigurations = (
				241498F1275B9B64003CB903 /* Debug */,
				241498F2275B9B64003CB903 /* Release */,
			);
			defaultConfigurationIsVisible = 0;
			defaultConfigurationName = Release;
		};
		249306BC28034410005C95C4 /* Build configuration list for PBXNativeTarget "StorageService" */ = {
			isa = XCConfigurationList;
			buildConfigurations = (
				249306BD28034410005C95C4 /* Debug */,
				249306BE28034410005C95C4 /* Release */,
			);
			defaultConfigurationIsVisible = 0;
			defaultConfigurationName = Release;
		};
		249306DE2803470F005C95C4 /* Build configuration list for PBXNativeTarget "Navigation copy" */ = {
			isa = XCConfigurationList;
			buildConfigurations = (
				249306DF2803470F005C95C4 /* Debug */,
				249306E02803470F005C95C4 /* Release */,
			);
			defaultConfigurationIsVisible = 0;
			defaultConfigurationName = Release;
		};
/* End XCConfigurationList section */
	};
	rootObject = 241498D4275B9B63003CB903 /* Project object */;
}
